{"version":4,"terraform_version":"1.10.7","serial":9,"lineage":"8c11ad1b-481f-2c42-7b98-2b44048c7e87","outputs":{},"resources":[{"mode":"managed","type":"aws_instance","name":"example","provider":"provider[\"registry.opentofu.org/hashicorp/aws\"]","instances":[{"schema_version":1,"attributes":{"ami":"ami-0cae6d6fe6048ca2c","arn":"arn:aws:ec2:us-east-1:670070036517:instance/i-0195f457651975109","associate_public_ip_address":true,"availability_zone":"us-east-1b","capacity_reservation_specification":[{"capacity_reservation_preference":"open","capacity_reservation_target":[]}],"cpu_core_count":1,"cpu_options":[{"amd_sev_snp":"","core_count":1,"threads_per_core":1}],"cpu_threads_per_core":1,"credit_specification":[{"cpu_credits":"standard"}],"disable_api_stop":false,"disable_api_termination":false,"ebs_block_device":[],"ebs_optimized":false,"enable_primary_ipv6":null,"enclave_options":[{"enabled":false}],"ephemeral_block_device":[],"get_password_data":false,"hibernation":false,"host_id":"","host_resource_group_arn":null,"iam_instance_profile":"","id":"i-0195f457651975109","instance_initiated_shutdown_behavior":"stop","instance_lifecycle":"","instance_market_options":[],"instance_state":"running","instance_type":"t2.micro","ipv6_address_count":0,"ipv6_addresses":[],"key_name":"","launch_template":[],"maintenance_options":[{"auto_recovery":"default"}],"metadata_options":[{"http_endpoint":"enabled","http_protocol_ipv6":"disabled","http_put_response_hop_limit":2,"http_tokens":"required","instance_metadata_tags":"disabled"}],"monitoring":false,"network_interface":[],"outpost_arn":"","password_data":"","placement_group":"","placement_partition_number":0,"primary_network_interface_id":"eni-02d0ddc8222875899","private_dns":"ip-172-31-24-7.ec2.internal","private_dns_name_options":[{"enable_resource_name_dns_a_record":false,"enable_resource_name_dns_aaaa_record":false,"hostname_type":"ip-name"}],"private_ip":"172.31.24.7","public_dns":"ec2-34-236-158-248.compute-1.amazonaws.com","public_ip":"34.236.158.248","root_block_device":[{"delete_on_termination":true,"device_name":"/dev/xvda","encrypted":false,"iops":100,"kms_key_id":"","tags":{},"tags_all":{},"throughput":0,"volume_id":"vol-0144ab438beaaa85a","volume_size":8,"volume_type":"gp2"}],"secondary_private_ips":[],"security_groups":["launch-wizard-1"],"source_dest_check":true,"spot_instance_request_id":"","subnet_id":"subnet-0df241e810951082a","tags":{"Name":"example-instance-1"},"tags_all":{"Name":"example-instance-1"},"tenancy":"default","timeouts":null,"user_data":null,"user_data_base64":null,"user_data_replace_on_change":false,"volume_tags":null,"vpc_security_group_ids":["sg-0021285b1c2771d95"]},"sensitive_attributes":[],"private":"eyJlMmJmYjczMC1lY2FhLTExZTYtOGY4OC0zNDM2M2JjN2M0YzAiOnsiY3JlYXRlIjo2MDAwMDAwMDAwMDAsImRlbGV0ZSI6MTIwMDAwMDAwMDAwMCwicmVhZCI6OTAwMDAwMDAwMDAwLCJ1cGRhdGUiOjYwMDAwMDAwMDAwMH0sInNjaGVtYV92ZXJzaW9uIjoiMSJ9"}]}],"check_results":null}
