{"version":4,"terraform_version":"1.10.7","serial":6,"lineage":"8c11ad1b-481f-2c42-7b98-2b44048c7e87","outputs":{"s3_bucket_arn":{"value":"arn:aws:s3:::automated-demo-bucket-ronie-123","type":"string"},"s3_bucket_name":{"value":"automated-demo-bucket-ronie-123","type":"string"}},"resources":[{"mode":"managed","type":"aws_s3_bucket","name":"demo","provider":"provider[\"registry.opentofu.org/hashicorp/aws\"]","instances":[{"schema_version":0,"attributes":{"acceleration_status":"","acl":null,"arn":"arn:aws:s3:::automated-demo-bucket-ronie-123","bucket":"automated-demo-bucket-ronie-123","bucket_domain_name":"automated-demo-bucket-ronie-123.s3.amazonaws.com","bucket_prefix":"","bucket_regional_domain_name":"automated-demo-bucket-ronie-123.s3.us-east-1.amazonaws.com","cors_rule":[],"force_destroy":false,"grant":[{"id":"7251569849c0c4960c0b5e6eca83e077c7aed1f505cdb1d93c39fb3ddce6bd4a","permissions":["FULL_CONTROL"],"type":"CanonicalUser","uri":""}],"hosted_zone_id":"Z3AQBSTGFYJSTF","id":"automated-demo-bucket-ronie-123","lifecycle_rule":[],"logging":[],"object_lock_configuration":[],"object_lock_enabled":false,"policy":"","region":"us-east-1","replication_configuration":[],"request_payer":"BucketOwner","server_side_encryption_configuration":[{"rule":[{"apply_server_side_encryption_by_default":[{"kms_master_key_id":"","sse_algorithm":"AES256"}],"bucket_key_enabled":false}]}],"tags":{"Environment":"dev","Name":"demo-bucket","Owner":"ronie"},"tags_all":{"Environment":"dev","Name":"demo-bucket","Owner":"ronie"},"timeouts":null,"versioning":[{"enabled":false,"mfa_delete":false}],"website":[],"website_domain":null,"website_endpoint":null},"sensitive_attributes":[],"private":"eyJlMmJmYjczMC1lY2FhLTExZTYtOGY4OC0zNDM2M2JjN2M0YzAiOnsiY3JlYXRlIjoxMjAwMDAwMDAwMDAwLCJkZWxldGUiOjM2MDAwMDAwMDAwMDAsInJlYWQiOjEyMDAwMDAwMDAwMDAsInVwZGF0ZSI6MTIwMDAwMDAwMDAwMH19"}]}],"check_results":null}
